
Microsoft Visual Studio Solution File, Format Version 12.00
# Visual Studio 15
VisualStudioVersion = 15.0.28010.2036
MinimumVisualStudioVersion = 10.0.40219.1
Project("{FAE04EC0-301F-11D3-BF4B-00C04F79EFBC}") = "ASP.NET Core 2.1 with Angular 71", "ASP.NET Core 2.1 with Angular 71\ASP.NET Core 2.1 with Angular 71.csproj", "{1AD43244-59FF-432E-ABBA-E8E8F0658E11}"
EndProject
Global
	GlobalSection(SolutionConfigurationPlatforms) = preSolution
		Debug|Any CPU = Debug|Any CPU
		Release|Any CPU = Release|Any CPU
	EndGlobalSection
	GlobalSection(ProjectConfigurationPlatforms) = postSolution
		{1AD43244-59FF-432E-ABBA-E8E8F0658E11}.Debug|Any CPU.ActiveCfg = Debug|Any CPU
		{1AD43244-59FF-432E-ABBA-E8E8F0658E11}.Debug|Any CPU.Build.0 = Debug|Any CPU
		{1AD43244-59FF-432E-ABBA-E8E8F0658E11}.Release|Any CPU.ActiveCfg = Release|Any CPU
		{1AD43244-59FF-432E-ABBA-E8E8F0658E11}.Release|Any CPU.Build.0 = Release|Any CPU
	EndGlobalSection
	GlobalSection(SolutionProperties) = preSolution
		HideSolutionNode = FALSE
	EndGlobalSection
	GlobalSection(ExtensibilityGlobals) = postSolution
		SolutionGuid = {A612D2A3-D6A8-45DC-A56E-E5B614AB7EFD}
	EndGlobalSection
EndGlobal
